
Microsoft Visual Studio Solution File, Format Version 12.00
Project("{FAE04EC0-301F-11D3-BF4B-00C04F79EFBC}") = "csharp-parser", "csharp-parser.csproj", "{F8CB4243-AD11-43A2-AE75-D2FFC3F12058}"
EndProject
Global
	GlobalSection(SolutionConfigurationPlatforms) = preSolution
		Debug|Any CPU = Debug|Any CPU
		Release|Any CPU = Release|Any CPU
	EndGlobalSection
	GlobalSection(ProjectConfigurationPlatforms) = postSolution
		{F8CB4243-AD11-43A2-AE75-D2FFC3F12058}.Debug|Any CPU.ActiveCfg = Debug|Any CPU
		{F8CB4243-AD11-43A2-AE75-D2FFC3F12058}.Debug|Any CPU.Build.0 = Debug|Any CPU
		{F8CB4243-AD11-43A2-AE75-D2FFC3F12058}.Release|Any CPU.ActiveCfg = Release|Any CPU
		{F8CB4243-AD11-43A2-AE75-D2FFC3F12058}.Release|Any CPU.Build.0 = Release|Any CPU
	EndGlobalSection
EndGlobal
